# This file is automatically @generated by Poetry 2.0.1 and should not be changed by hand.

[[package]]
name = "asttokens"
version = "3.0.0"
description = "Annotate AST trees with source code positions"
optional = false
python-versions = ">=3.8"
groups = ["main"]
files = [
    {file = "asttokens-3.0.0-py3-none-any.whl", hash = "sha256:e3078351a059199dd5138cb1c706e6430c05eff2ff136af5eb4790f9d28932e2"},
    {file = "asttokens-3.0.0.tar.gz", hash = "sha256:0dcd8baa8d62b0c1d118b399b2ddba3c4aff271d0d7a9e0d4c1681c79035bbc7"},
]

[package.extras]
astroid = ["astroid (>=2,<4)"]
test = ["astroid (>=2,<4)", "pytest", "pytest-cov", "pytest-xdist"]

[[package]]
name = "certifi"
version = "2025.1.31"
description = "Python package for providing Mozilla's CA Bundle."
optional = false
python-versions = ">=3.6"
groups = ["main"]
files = [
    {file = "certifi-2025.1.31-py3-none-any.whl", hash = "sha256:ca78db4565a652026a4db2bcdf68f2fb589ea80d0be70e03929ed730746b84fe"},
    {file = "certifi-2025.1.31.tar.gz", hash = "sha256:3d5da6925056f6f18f119200434a4780a94263f10d1c21d032a6f6b2baa20651"},
]

[[package]]
name = "charset-normalizer"
version = "3.4.1"
description = "The Real First Universal Charset Detector. Open, modern and actively maintained alternative to Chardet."
optional = false
python-versions = ">=3.7"
groups = ["main"]
files = [
    {file = "charset_normalizer-3.4.1-cp310-cp310-macosx_10_9_universal2.whl", hash = "sha256:91b36a978b5ae0ee86c394f5a54d6ef44db1de0815eb43de826d41d21e4af3de"},
    {file = "charset_normalizer-3.4.1-cp310-cp310-manylinux_2_17_aarch64.manylinux2014_aarch64.whl", hash = "sha256:7461baadb4dc00fd9e0acbe254e3d7d2112e7f92ced2adc96e54ef6501c5f176"},
    {file = "charset_normalizer-3.4.1-cp310-cp310-manylinux_2_17_ppc64le.manylinux2014_ppc64le.whl", hash = "sha256:e218488cd232553829be0664c2292d3af2eeeb94b32bea483cf79ac6a694e037"},
    {file = "charset_normalizer-3.4.1-cp310-cp310-manylinux_2_17_s390x.manylinux2014_s390x.whl", hash = "sha256:80ed5e856eb7f30115aaf94e4a08114ccc8813e6ed1b5efa74f9f82e8509858f"},
    {file = "charset_normalizer-3.4.1-cp310-cp310-manylinux_2_17_x86_64.manylinux2014_x86_64.whl", hash = "sha256:b010a7a4fd316c3c484d482922d13044979e78d1861f0e0650423144c616a46a"},
    {file = "charset_normalizer-3.4.1-cp310-cp310-manylinux_2_5_i686.manylinux1_i686.manylinux_2_17_i686.manylinux2014_i686.whl", hash = "sha256:4532bff1b8421fd0a320463030c7520f56a79c9024a4e88f01c537316019005a"},
    {file = "charset_normalizer-3.4.1-cp310-cp310-musllinux_1_2_aarch64.whl", hash = "sha256:d973f03c0cb71c5ed99037b870f2be986c3c05e63622c017ea9816881d2dd247"},
    {file = "charset_normalizer-3.4.1-cp310-cp310-musllinux_1_2_i686.whl", hash = "sha256:3a3bd0dcd373514dcec91c411ddb9632c0d7d92aed7093b8c3bbb6d69ca74408"},
    {file = "charset_normalizer-3.4.1-cp310-cp310-musllinux_1_2_ppc64le.whl", hash = "sha256:d9c3cdf5390dcd29aa8056d13e8e99526cda0305acc038b96b30352aff5ff2bb"},
    {file = "charset_normalizer-3.4.1-cp310-cp310-musllinux_1_2_s390x.whl", hash = "sha256:2bdfe3ac2e1bbe5b59a1a63721eb3b95fc9b6817ae4a46debbb4e11f6232428d"},
    {file = "charset_normalizer-3.4.1-cp310-cp310-musllinux_1_2_x86_64.whl", hash = "sha256:eab677309cdb30d047996b36d34caeda1dc91149e4fdca0b1a039b3f79d9a807"},
    {file = "charset_normalizer-3.4.1-cp310-cp310-win32.whl", hash = "sha256:c0429126cf75e16c4f0ad00ee0eae4242dc652290f940152ca8c75c3a4b6ee8f"},
    {file = "charset_normalizer-3.4.1-cp310-cp310-win_amd64.whl", hash = "sha256:9f0b8b1c6d84c8034a44893aba5e767bf9c7a211e313a9605d9c617d7083829f"},
    {file = "charset_normalizer-3.4.1-cp311-cp311-macosx_10_9_universal2.whl", hash = "sha256:8bfa33f4f2672964266e940dd22a195989ba31669bd84629f05fab3ef4e2d125"},
    {file = "charset_normalizer-3.4.1-cp311-cp311-manylinux_2_17_aarch64.manylinux2014_aarch64.whl", hash = "sha256:28bf57629c75e810b6ae989f03c0828d64d6b26a5e205535585f96093e405ed1"},
    {file = "charset_normalizer-3.4.1-cp311-cp311-manylinux_2_17_ppc64le.manylinux2014_ppc64le.whl", hash = "sha256:f08ff5e948271dc7e18a35641d2f11a4cd8dfd5634f55228b691e62b37125eb3"},
    {file = "charset_normalizer-3.4.1-cp311-cp311-manylinux_2_17_s390x.manylinux2014_s390x.whl", hash = "sha256:234ac59ea147c59ee4da87a0c0f098e9c8d169f4dc2a159ef720f1a61bbe27cd"},
    {file = "charset_normalizer-3.4.1-cp311-cp311-manylinux_2_17_x86_64.manylinux2014_x86_64.whl", hash = "sha256:fd4ec41f914fa74ad1b8304bbc634b3de73d2a0889bd32076342a573e0779e00"},
    {file = "charset_normalizer-3.4.1-cp311-cp311-manylinux_2_5_i686.manylinux1_i686.manylinux_2_17_i686.manylinux2014_i686.whl", hash = "sha256:eea6ee1db730b3483adf394ea72f808b6e18cf3cb6454b4d86e04fa8c4327a12"},
    {file = "charset_normalizer-3.4.1-cp311-cp311-musllinux_1_2_aarch64.whl", hash = "sha256:c96836c97b1238e9c9e3fe90844c947d5afbf4f4c92762679acfe19927d81d77"},
    {file = "charset_normalizer-3.4.1-cp311-cp311-musllinux_1_2_i686.whl", hash = "sha256:4d86f7aff21ee58f26dcf5ae81a9addbd914115cdebcbb2217e4f0ed8982e146"},
    {file = "charset_normalizer-3.4.1-cp311-cp311-musllinux_1_2_ppc64le.whl", hash = "sha256:09b5e6733cbd160dcc09589227187e242a30a49ca5cefa5a7edd3f9d19ed53fd"},
    {file = "charset_normalizer-3.4.1-cp311-cp311-musllinux_1_2_s390x.whl", hash = "sha256:5777ee0881f9499ed0f71cc82cf873d9a0ca8af166dfa0af8ec4e675b7df48e6"},
    {file = "charset_normalizer-3.4.1-cp311-cp311-musllinux_1_2_x86_64.whl", hash = "sha256:237bdbe6159cff53b4f24f397d43c6336c6b0b42affbe857970cefbb620911c8"},
    {file = "charset_normalizer-3.4.1-cp311-cp311-win32.whl", hash = "sha256:8417cb1f36cc0bc7eaba8ccb0e04d55f0ee52df06df3ad55259b9a323555fc8b"},
    {file = "charset_normalizer-3.4.1-cp311-cp311-win_amd64.whl", hash = "sha256:d7f50a1f8c450f3925cb367d011448c39239bb3eb4117c36a6d354794de4ce76"},
    {file = "charset_normalizer-3.4.1-cp312-cp312-macosx_10_13_universal2.whl", hash = "sha256:73d94b58ec7fecbc7366247d3b0b10a21681004153238750bb67bd9012414545"},
    {file = "charset_normalizer-3.4.1-cp312-cp312-manylinux_2_17_aarch64.manylinux2014_aarch64.whl", hash = "sha256:dad3e487649f498dd991eeb901125411559b22e8d7ab25d3aeb1af367df5efd7"},
    {file = "charset_normalizer-3.4.1-cp312-cp312-manylinux_2_17_ppc64le.manylinux2014_ppc64le.whl", hash = "sha256:c30197aa96e8eed02200a83fba2657b4c3acd0f0aa4bdc9f6c1af8e8962e0757"},
    {file = "charset_normalizer-3.4.1-cp312-cp312-manylinux_2_17_s390x.manylinux2014_s390x.whl", hash = "sha256:2369eea1ee4a7610a860d88f268eb39b95cb588acd7235e02fd5a5601773d4fa"},
    {file = "charset_normalizer-3.4.1-cp312-cp312-manylinux_2_17_x86_64.manylinux2014_x86_64.whl", hash = "sha256:bc2722592d8998c870fa4e290c2eec2c1569b87fe58618e67d38b4665dfa680d"},
    {file = "charset_normalizer-3.4.1-cp312-cp312-manylinux_2_5_i686.manylinux1_i686.manylinux_2_17_i686.manylinux2014_i686.whl", hash = "sha256:ffc9202a29ab3920fa812879e95a9e78b2465fd10be7fcbd042899695d75e616"},
    {file = "charset_normalizer-3.4.1-cp312-cp312-musllinux_1_2_aarch64.whl", hash = "sha256:804a4d582ba6e5b747c625bf1255e6b1507465494a40a2130978bda7b932c90b"},
    {file = "charset_normalizer-3.4.1-cp312-cp312-musllinux_1_2_i686.whl", hash = "sha256:0f55e69f030f7163dffe9fd0752b32f070566451afe180f99dbeeb81f511ad8d"},
    {file = "charset_normalizer-3.4.1-cp312-cp312-musllinux_1_2_ppc64le.whl", hash = "sha256:c4c3e6da02df6fa1410a7680bd3f63d4f710232d3139089536310d027950696a"},
    {file = "charset_normalizer-3.4.1-cp312-cp312-musllinux_1_2_s390x.whl", hash = "sha256:5df196eb874dae23dcfb968c83d4f8fdccb333330fe1fc278ac5ceeb101003a9"},
    {file = "charset_normalizer-3.4.1-cp312-cp312-musllinux_1_2_x86_64.whl", hash = "sha256:e358e64305fe12299a08e08978f51fc21fac060dcfcddd95453eabe5b93ed0e1"},
    {file = "charset_normalizer-3.4.1-cp312-cp312-win32.whl", hash = "sha256:9b23ca7ef998bc739bf6ffc077c2116917eabcc901f88da1b9856b210ef63f35"},
    {file = "charset_normalizer-3.4.1-cp312-cp312-win_amd64.whl", hash = "sha256:6ff8a4a60c227ad87030d76e99cd1698345d4491638dfa6673027c48b3cd395f"},
    {file = "charset_normalizer-3.4.1-cp313-cp313-macosx_10_13_universal2.whl", hash = "sha256:aabfa34badd18f1da5ec1bc2715cadc8dca465868a4e73a0173466b688f29dda"},
    {file = "charset_normalizer-3.4.1-cp313-cp313-manylinux_2_17_aarch64.manylinux2014_aarch64.whl", hash = "sha256:22e14b5d70560b8dd51ec22863f370d1e595ac3d024cb8ad7d308b4cd95f8313"},
    {file = "charset_normalizer-3.4.1-cp313-cp313-manylinux_2_17_ppc64le.manylinux2014_ppc64le.whl", hash = "sha256:8436c508b408b82d87dc5f62496973a1805cd46727c34440b0d29d8a2f50a6c9"},
    {file = "charset_normalizer-3.4.1-cp313-cp313-manylinux_2_17_s390x.manylinux2014_s390x.whl", hash = "sha256:2d074908e1aecee37a7635990b2c6d504cd4766c7bc9fc86d63f9c09af3fa11b"},
    {file = "charset_normalizer-3.4.1-cp313-cp313-manylinux_2_17_x86_64.manylinux2014_x86_64.whl", hash = "sha256:955f8851919303c92343d2f66165294848d57e9bba6cf6e3625485a70a038d11"},
    {file = "charset_normalizer-3.4.1-cp313-cp313-manylinux_2_5_i686.manylinux1_i686.manylinux_2_17_i686.manylinux2014_i686.whl", hash = "sha256:44ecbf16649486d4aebafeaa7ec4c9fed8b88101f4dd612dcaf65d5e815f837f"},
    {file = "charset_normalizer-3.4.1-cp313-cp313-musllinux_1_2_aarch64.whl", hash = "sha256:0924e81d3d5e70f8126529951dac65c1010cdf117bb75eb02dd12339b57749dd"},
    {file = "charset_normalizer-3.4.1-cp313-cp313-musllinux_1_2_i686.whl", hash = "sha256:2967f74ad52c3b98de4c3b32e1a44e32975e008a9cd2a8cc8966d6a5218c5cb2"},
    {file = "charset_normalizer-3.4.1-cp313-cp313-musllinux_1_2_ppc64le.whl", hash = "sha256:c75cb2a3e389853835e84a2d8fb2b81a10645b503eca9bcb98df6b5a43eb8886"},
    {file = "charset_normalizer-3.4.1-cp313-cp313-musllinux_1_2_s390x.whl", hash = "sha256:09b26ae6b1abf0d27570633b2b078a2a20419c99d66fb2823173d73f188ce601"},
    {file = "charset_normalizer-3.4.1-cp313-cp313-musllinux_1_2_x86_64.whl", hash = "sha256:fa88b843d6e211393a37219e6a1c1df99d35e8fd90446f1118f4216e307e48cd"},
    {file = "charset_normalizer-3.4.1-cp313-cp313-win32.whl", hash = "sha256:eb8178fe3dba6450a3e024e95ac49ed3400e506fd4e9e5c32d30adda88cbd407"},
    {file = "charset_normalizer-3.4.1-cp313-cp313-win_amd64.whl", hash = "sha256:b1ac5992a838106edb89654e0aebfc24f5848ae2547d22c2c3f66454daa11971"},
    {file = "charset_normalizer-3.4.1-cp37-cp37m-manylinux_2_17_aarch64.manylinux2014_aarch64.whl", hash = "sha256:f30bf9fd9be89ecb2360c7d94a711f00c09b976258846efe40db3d05828e8089"},
    {file = "charset_normalizer-3.4.1-cp37-cp37m-manylinux_2_17_ppc64le.manylinux2014_ppc64le.whl", hash = "sha256:97f68b8d6831127e4787ad15e6757232e14e12060bec17091b85eb1486b91d8d"},
    {file = "charset_normalizer-3.4.1-cp37-cp37m-manylinux_2_17_s390x.manylinux2014_s390x.whl", hash = "sha256:7974a0b5ecd505609e3b19742b60cee7aa2aa2fb3151bc917e6e2646d7667dcf"},
    {file = "charset_normalizer-3.4.1-cp37-cp37m-manylinux_2_17_x86_64.manylinux2014_x86_64.whl", hash = "sha256:fc54db6c8593ef7d4b2a331b58653356cf04f67c960f584edb7c3d8c97e8f39e"},
    {file = "charset_normalizer-3.4.1-cp37-cp37m-manylinux_2_5_i686.manylinux1_i686.manylinux_2_17_i686.manylinux2014_i686.whl", hash = "sha256:311f30128d7d333eebd7896965bfcfbd0065f1716ec92bd5638d7748eb6f936a"},
    {file = "charset_normalizer-3.4.1-cp37-cp37m-musllinux_1_2_aarch64.whl", hash = "sha256:7d053096f67cd1241601111b698f5cad775f97ab25d81567d3f59219b5f1adbd"},
    {file = "charset_normalizer-3.4.1-cp37-cp37m-musllinux_1_2_i686.whl", hash = "sha256:807f52c1f798eef6cf26beb819eeb8819b1622ddfeef9d0977a8502d4db6d534"},
    {file = "charset_normalizer-3.4.1-cp37-cp37m-musllinux_1_2_ppc64le.whl", hash = "sha256:dccbe65bd2f7f7ec22c4ff99ed56faa1e9f785482b9bbd7c717e26fd723a1d1e"},
    {file = "charset_normalizer-3.4.1-cp37-cp37m-musllinux_1_2_s390x.whl", hash = "sha256:2fb9bd477fdea8684f78791a6de97a953c51831ee2981f8e4f583ff3b9d9687e"},
    {file = "charset_normalizer-3.4.1-cp37-cp37m-musllinux_1_2_x86_64.whl", hash = "sha256:01732659ba9b5b873fc117534143e4feefecf3b2078b0a6a2e925271bb6f4cfa"},
    {file = "charset_normalizer-3.4.1-cp37-cp37m-win32.whl", hash = "sha256:7a4f97a081603d2050bfaffdefa5b02a9ec823f8348a572e39032caa8404a487"},
    {file = "charset_normalizer-3.4.1-cp37-cp37m-win_amd64.whl", hash = "sha256:7b1bef6280950ee6c177b326508f86cad7ad4dff12454483b51d8b7d673a2c5d"},
    {file = "charset_normalizer-3.4.1-cp38-cp38-macosx_10_9_universal2.whl", hash = "sha256:ecddf25bee22fe4fe3737a399d0d177d72bc22be6913acfab364b40bce1ba83c"},
    {file = "charset_normalizer-3.4.1-cp38-cp38-manylinux_2_17_aarch64.manylinux2014_aarch64.whl", hash = "sha256:8c60ca7339acd497a55b0ea5d506b2a2612afb2826560416f6894e8b5770d4a9"},
    {file = "charset_normalizer-3.4.1-cp38-cp38-manylinux_2_17_ppc64le.manylinux2014_ppc64le.whl", hash = "sha256:b7b2d86dd06bfc2ade3312a83a5c364c7ec2e3498f8734282c6c3d4b07b346b8"},
    {file = "charset_normalizer-3.4.1-cp38-cp38-manylinux_2_17_s390x.manylinux2014_s390x.whl", hash = "sha256:dd78cfcda14a1ef52584dbb008f7ac81c1328c0f58184bf9a84c49c605002da6"},
    {file = "charset_normalizer-3.4.1-cp38-cp38-manylinux_2_17_x86_64.manylinux2014_x86_64.whl", hash = "sha256:6e27f48bcd0957c6d4cb9d6fa6b61d192d0b13d5ef563e5f2ae35feafc0d179c"},
    {file = "charset_normalizer-3.4.1-cp38-cp38-manylinux_2_5_i686.manylinux1_i686.manylinux_2_17_i686.manylinux2014_i686.whl", hash = "sha256:01ad647cdd609225c5350561d084b42ddf732f4eeefe6e678765636791e78b9a"},
    {file = "charset_normalizer-3.4.1-cp38-cp38-musllinux_1_2_aarch64.whl", hash = "sha256:619a609aa74ae43d90ed2e89bdd784765de0a25ca761b93e196d938b8fd1dbbd"},
    {file = "charset_normalizer-3.4.1-cp38-cp38-musllinux_1_2_i686.whl", hash = "sha256:89149166622f4db9b4b6a449256291dc87a99ee53151c74cbd82a53c8c2f6ccd"},
    {file = "charset_normalizer-3.4.1-cp38-cp38-musllinux_1_2_ppc64le.whl", hash = "sha256:7709f51f5f7c853f0fb938bcd3bc59cdfdc5203635ffd18bf354f6967ea0f824"},
    {file = "charset_normalizer-3.4.1-cp38-cp38-musllinux_1_2_s390x.whl", hash = "sha256:345b0426edd4e18138d6528aed636de7a9ed169b4aaf9d61a8c19e39d26838ca"},
    {file = "charset_normalizer-3.4.1-cp38-cp38-musllinux_1_2_x86_64.whl", hash = "sha256:0907f11d019260cdc3f94fbdb23ff9125f6b5d1039b76003b5b0ac9d6a6c9d5b"},
    {file = "charset_normalizer-3.4.1-cp38-cp38-win32.whl", hash = "sha256:ea0d8d539afa5eb2728aa1932a988a9a7af94f18582ffae4bc10b3fbdad0626e"},
    {file = "charset_normalizer-3.4.1-cp38-cp38-win_amd64.whl", hash = "sha256:329ce159e82018d646c7ac45b01a430369d526569ec08516081727a20e9e4af4"},
    {file = "charset_normalizer-3.4.1-cp39-cp39-macosx_10_9_universal2.whl", hash = "sha256:b97e690a2118911e39b4042088092771b4ae3fc3aa86518f84b8cf6888dbdb41"},
    {file = "charset_normalizer-3.4.1-cp39-cp39-manylinux_2_17_aarch64.manylinux2014_aarch64.whl", hash = "sha256:78baa6d91634dfb69ec52a463534bc0df05dbd546209b79a3880a34487f4b84f"},
    {file = "charset_normalizer-3.4.1-cp39-cp39-manylinux_2_17_ppc64le.manylinux2014_ppc64le.whl", hash = "sha256:1a2bc9f351a75ef49d664206d51f8e5ede9da246602dc2d2726837620ea034b2"},
    {file = "charset_normalizer-3.4.1-cp39-cp39-manylinux_2_17_s390x.manylinux2014_s390x.whl", hash = "sha256:75832c08354f595c760a804588b9357d34ec00ba1c940c15e31e96d902093770"},
    {file = "charset_normalizer-3.4.1-cp39-cp39-manylinux_2_17_x86_64.manylinux2014_x86_64.whl", hash = "sha256:0af291f4fe114be0280cdd29d533696a77b5b49cfde5467176ecab32353395c4"},
    {file = "charset_normalizer-3.4.1-cp39-cp39-manylinux_2_5_i686.manylinux1_i686.manylinux_2_17_i686.manylinux2014_i686.whl", hash = "sha256:0167ddc8ab6508fe81860a57dd472b2ef4060e8d378f0cc555707126830f2537"},
    {file = "charset_normalizer-3.4.1-cp39-cp39-musllinux_1_2_aarch64.whl", hash = "sha256:2a75d49014d118e4198bcee5ee0a6f25856b29b12dbf7cd012791f8a6cc5c496"},
    {file = "charset_normalizer-3.4.1-cp39-cp39-musllinux_1_2_i686.whl", hash = "sha256:363e2f92b0f0174b2f8238240a1a30142e3db7b957a5dd5689b0e75fb717cc78"},
    {file = "charset_normalizer-3.4.1-cp39-cp39-musllinux_1_2_ppc64le.whl", hash = "sha256:ab36c8eb7e454e34e60eb55ca5d241a5d18b2c6244f6827a30e451c42410b5f7"},
    {file = "charset_normalizer-3.4.1-cp39-cp39-musllinux_1_2_s390x.whl", hash = "sha256:4c0907b1928a36d5a998d72d64d8eaa7244989f7aaaf947500d3a800c83a3fd6"},
    {file = "charset_normalizer-3.4.1-cp39-cp39-musllinux_1_2_x86_64.whl", hash = "sha256:04432ad9479fa40ec0f387795ddad4437a2b50417c69fa275e212933519ff294"},
    {file = "charset_normalizer-3.4.1-cp39-cp39-win32.whl", hash = "sha256:3bed14e9c89dcb10e8f3a29f9ccac4955aebe93c71ae803af79265c9ca5644c5"},
    {file = "charset_normalizer-3.4.1-cp39-cp39-win_amd64.whl", hash = "sha256:49402233c892a461407c512a19435d1ce275543138294f7ef013f0b63d5d3765"},
    {file = "charset_normalizer-3.4.1-py3-none-any.whl", hash = "sha256:d98b1668f06378c6dbefec3b92299716b931cd4e6061f3c875a71ced1780ab85"},
    {file = "charset_normalizer-3.4.1.tar.gz", hash = "sha256:44251f18cd68a75b56585dd00dae26183e102cd5e0f9f1466e6df5da2ed64ea3"},
]

[[package]]
name = "cleo"
version = "0.8.1"
description = "Cleo allows you to create beautiful and testable command-line interfaces."
optional = false
python-versions = ">=2.7, !=3.0.*, !=3.1.*, !=3.2.*, !=3.3.*"
groups = ["main"]
files = [
    {file = "cleo-0.8.1-py2.py3-none-any.whl", hash = "sha256:141cda6dc94a92343be626bb87a0b6c86ae291dfc732a57bf04310d4b4201753"},
    {file = "cleo-0.8.1.tar.gz", hash = "sha256:3d0e22d30117851b45970b6c14aca4ab0b18b1b53c8af57bed13208147e4069f"},
]

[package.dependencies]
clikit = ">=0.6.0,<0.7.0"

[[package]]
name = "clikit"
version = "0.6.2"
description = "CliKit is a group of utilities to build beautiful and testable command line interfaces."
optional = false
python-versions = ">=2.7, !=3.0.*, !=3.1.*, !=3.2.*, !=3.3.*"
groups = ["main"]
files = [
    {file = "clikit-0.6.2-py2.py3-none-any.whl", hash = "sha256:71268e074e68082306e23d7369a7b99f824a0ef926e55ba2665e911f7208489e"},
    {file = "clikit-0.6.2.tar.gz", hash = "sha256:442ee5db9a14120635c5990bcdbfe7c03ada5898291f0c802f77be71569ded59"},
]

[package.dependencies]
crashtest = {version = ">=0.3.0,<0.4.0", markers = "python_version >= \"3.6\" and python_version < \"4.0\""}
pastel = ">=0.2.0,<0.3.0"
pylev = ">=1.3,<2.0"

[[package]]
name = "colorama"
version = "0.4.6"
description = "Cross-platform colored terminal text."
optional = false
python-versions = "!=3.0.*,!=3.1.*,!=3.2.*,!=3.3.*,!=3.4.*,!=3.5.*,!=3.6.*,>=2.7"
groups = ["main"]
markers = "sys_platform == \"win32\""
files = [
    {file = "colorama-0.4.6-py2.py3-none-any.whl", hash = "sha256:4f1d9991f5acc0ca119f9d443620b77f9d6b33703e51011c16baf57afb285fc6"},
    {file = "colorama-0.4.6.tar.gz", hash = "sha256:08695f5cb7ed6e0531a20572697297273c47b8cae5a63ffc6d6ed5c201be6e44"},
]

[[package]]
name = "crashtest"
version = "0.3.1"
description = "Manage Python errors with ease"
optional = false
python-versions = ">=3.6,<4.0"
groups = ["main"]
files = [
    {file = "crashtest-0.3.1-py3-none-any.whl", hash = "sha256:300f4b0825f57688b47b6d70c6a31de33512eb2fa1ac614f780939aa0cf91680"},
    {file = "crashtest-0.3.1.tar.gz", hash = "sha256:42ca7b6ce88b6c7433e2ce47ea884e91ec93104a4b754998be498a8e6c3d37dd"},
]

[[package]]
name = "decorator"
version = "5.1.1"
description = "Decorators for Humans"
optional = false
python-versions = ">=3.5"
groups = ["main"]
files = [
    {file = "decorator-5.1.1-py3-none-any.whl", hash = "sha256:b8c3f85900b9dc423225913c5aace94729fe1fa9763b38939a95226f02d37186"},
    {file = "decorator-5.1.1.tar.gz", hash = "sha256:637996211036b6385ef91435e4fae22989472f9d571faba8927ba8253acbc330"},
]

[[package]]
name = "executing"
version = "2.2.0"
description = "Get the currently executing AST node of a frame, and other information"
optional = false
python-versions = ">=3.8"
groups = ["main"]
files = [
    {file = "executing-2.2.0-py2.py3-none-any.whl", hash = "sha256:11387150cad388d62750327a53d3339fad4888b39a6fe233c3afbb54ecffd3aa"},
    {file = "executing-2.2.0.tar.gz", hash = "sha256:5d108c028108fe2551d1a7b2e8b713341e2cb4fc0aa7dcf966fa4327a5226755"},
]

[package.extras]
tests = ["asttokens (>=2.1.0)", "coverage", "coverage-enable-subprocess", "ipython", "littleutils", "pytest", "rich"]

[[package]]
name = "faker"
version = "13.16.0"
description = "Faker is a Python package that generates fake data for you."
optional = false
python-versions = ">=3.6"
groups = ["main"]
files = [
    {file = "Faker-13.16.0-py3-none-any.whl", hash = "sha256:920f94d5aa865fd922bc29f2cf75c75b4d86b30eec23e7174d7513241b759b05"},
    {file = "Faker-13.16.0.tar.gz", hash = "sha256:25c5be99bc5fd8676eea8c1490e0de87f6d9734651c7af2cefc99b322b2936f4"},
]

[package.dependencies]
python-dateutil = ">=2.4"

[[package]]
name = "idna"
version = "3.10"
description = "Internationalized Domain Names in Applications (IDNA)"
optional = false
python-versions = ">=3.6"
groups = ["main"]
files = [
    {file = "idna-3.10-py3-none-any.whl", hash = "sha256:946d195a0d259cbba61165e88e65941f16e9b36ea6ddb97f00452bae8b1287d3"},
    {file = "idna-3.10.tar.gz", hash = "sha256:12f65c9b470abda6dc35cf8e63cc574b1c52b11df2c86030af0ac09b01b13ea9"},
]

[package.extras]
all = ["flake8 (>=7.1.1)", "mypy (>=1.11.2)", "pytest (>=8.3.2)", "ruff (>=0.6.2)"]

[[package]]
name = "inflection"
version = "0.5.1"
description = "A port of Ruby on Rails inflector to Python"
optional = false
python-versions = ">=3.5"
groups = ["main"]
files = [
    {file = "inflection-0.5.1-py2.py3-none-any.whl", hash = "sha256:f38b2b640938a4f35ade69ac3d053042959b62a0f1076a5bbaa1b9526605a8a2"},
    {file = "inflection-0.5.1.tar.gz", hash = "sha256:1a29730d366e996aaacffb2f1f1cb9593dc38e2ddd30c91250c6dde09ea9b417"},
]

[[package]]
name = "ipdb"
version = "0.13.13"
description = "IPython-enabled pdb"
optional = false
python-versions = ">=2.7, !=3.0.*, !=3.1.*, !=3.2.*, !=3.3.*"
groups = ["main"]
files = [
    {file = "ipdb-0.13.13-py3-none-any.whl", hash = "sha256:45529994741c4ab6d2388bfa5d7b725c2cf7fe9deffabdb8a6113aa5ed449ed4"},
    {file = "ipdb-0.13.13.tar.gz", hash = "sha256:e3ac6018ef05126d442af680aad863006ec19d02290561ac88b8b1c0b0cfc726"},
]

[package.dependencies]
decorator = {version = "*", markers = "python_version >= \"3.11\""}
ipython = {version = ">=7.31.1", markers = "python_version >= \"3.11\""}

[[package]]
name = "ipython"
version = "8.32.0"
description = "IPython: Productive Interactive Computing"
optional = false
python-versions = ">=3.10"
groups = ["main"]
files = [
    {file = "ipython-8.32.0-py3-none-any.whl", hash = "sha256:cae85b0c61eff1fc48b0a8002de5958b6528fa9c8defb1894da63f42613708aa"},
    {file = "ipython-8.32.0.tar.gz", hash = "sha256:be2c91895b0b9ea7ba49d33b23e2040c352b33eb6a519cca7ce6e0c743444251"},
]

[package.dependencies]
colorama = {version = "*", markers = "sys_platform == \"win32\""}
decorator = "*"
jedi = ">=0.16"
matplotlib-inline = "*"
pexpect = {version = ">4.3", markers = "sys_platform != \"win32\" and sys_platform != \"emscripten\""}
prompt_toolkit = ">=3.0.41,<3.1.0"
pygments = ">=2.4.0"
stack_data = "*"
traitlets = ">=5.13.0"
typing_extensions = {version = ">=4.6", markers = "python_version < \"3.12\""}

[package.extras]
all = ["ipython[black,doc,kernel,matplotlib,nbconvert,nbformat,notebook,parallel,qtconsole]", "ipython[test,test-extra]"]
black = ["black"]
doc = ["docrepr", "exceptiongroup", "intersphinx_registry", "ipykernel", "ipython[test]", "matplotlib", "setuptools (>=18.5)", "sphinx (>=1.3)", "sphinx-rtd-theme", "sphinxcontrib-jquery", "tomli", "typing_extensions"]
kernel = ["ipykernel"]
matplotlib = ["matplotlib"]
nbconvert = ["nbconvert"]
nbformat = ["nbformat"]
notebook = ["ipywidgets", "notebook"]
parallel = ["ipyparallel"]
qtconsole = ["qtconsole"]
test = ["packaging", "pickleshare", "pytest", "pytest-asyncio (<0.22)", "testpath"]
test-extra = ["curio", "ipython[test]", "matplotlib (!=3.2.0)", "nbformat", "numpy (>=1.23)", "pandas", "trio"]

[[package]]
name = "jedi"
version = "0.19.2"
description = "An autocompletion tool for Python that can be used for text editors."
optional = false
python-versions = ">=3.6"
groups = ["main"]
files = [
    {file = "jedi-0.19.2-py2.py3-none-any.whl", hash = "sha256:a8ef22bde8490f57fe5c7681a3c83cb58874daf72b4784de3cce5b6ef6edb5b9"},
    {file = "jedi-0.19.2.tar.gz", hash = "sha256:4770dc3de41bde3966b02eb84fbcf557fb33cce26ad23da12c742fb50ecb11f0"},
]

[package.dependencies]
parso = ">=0.8.4,<0.9.0"

[package.extras]
docs = ["Jinja2 (==2.11.3)", "MarkupSafe (==1.1.1)", "Pygments (==2.8.1)", "alabaster (==0.7.12)", "babel (==2.9.1)", "chardet (==4.0.0)", "commonmark (==0.8.1)", "docutils (==0.17.1)", "future (==0.18.2)", "idna (==2.10)", "imagesize (==1.2.0)", "mock (==1.0.1)", "packaging (==20.9)", "pyparsing (==2.4.7)", "pytz (==2021.1)", "readthedocs-sphinx-ext (==2.1.4)", "recommonmark (==0.5.0)", "requests (==2.25.1)", "six (==1.15.0)", "snowballstemmer (==2.1.0)", "sphinx (==1.8.5)", "sphinx-rtd-theme (==0.4.3)", "sphinxcontrib-serializinghtml (==1.1.4)", "sphinxcontrib-websupport (==1.2.4)", "urllib3 (==1.26.4)"]
qa = ["flake8 (==5.0.4)", "mypy (==0.971)", "types-setuptools (==67.2.0.1)"]
testing = ["Django", "attrs", "colorama", "docopt", "pytest (<9.0.0)"]

[[package]]
name = "masonite-orm"
version = "2.24.0"
description = "The Official Masonite ORM"
optional = false
python-versions = "*"
groups = ["main"]
files = [
    {file = "masonite-orm-2.24.0.tar.gz", hash = "sha256:fc840001c3bed88d130dceb4c434bd35c7371118c4713ead03d01ae2f4eb3155"},
]

[package.dependencies]
cleo = ">=0.8.0,<0.9"
faker = ">=4.1.0,<14.0"
inflection = ">=0.3,<0.6"
pendulum = ">=2.1,<3.1"

[package.extras]
test = ["coverage", "pytest"]

[[package]]
name = "matplotlib-inline"
version = "0.1.7"
description = "Inline Matplotlib backend for Jupyter"
optional = false
python-versions = ">=3.8"
groups = ["main"]
files = [
    {file = "matplotlib_inline-0.1.7-py3-none-any.whl", hash = "sha256:df192d39a4ff8f21b1895d72e6a13f5fcc5099f00fa84384e0ea28c2cc0653ca"},
    {file = "matplotlib_inline-0.1.7.tar.gz", hash = "sha256:8423b23ec666be3d16e16b60bdd8ac4e86e840ebd1dd11a30b9f117f2fa0ab90"},
]

[package.dependencies]
traitlets = "*"

[[package]]
name = "networkx"
version = "3.4.2"
description = "Python package for creating and manipulating graphs and networks"
optional = false
python-versions = ">=3.10"
groups = ["main"]
files = [
    {file = "networkx-3.4.2-py3-none-any.whl", hash = "sha256:df5d4365b724cf81b8c6a7312509d0c22386097011ad1abe274afd5e9d3bbc5f"},
    {file = "networkx-3.4.2.tar.gz", hash = "sha256:307c3669428c5362aab27c8a1260aa8f47c4e91d3891f48be0141738d8d053e1"},
]

[package.extras]
default = ["matplotlib (>=3.7)", "numpy (>=1.24)", "pandas (>=2.0)", "scipy (>=1.10,!=1.11.0,!=1.11.1)"]
developer = ["changelist (==0.5)", "mypy (>=1.1)", "pre-commit (>=3.2)", "rtoml"]
doc = ["intersphinx-registry", "myst-nb (>=1.1)", "numpydoc (>=1.8.0)", "pillow (>=9.4)", "pydata-sphinx-theme (>=0.15)", "sphinx (>=7.3)", "sphinx-gallery (>=0.16)", "texext (>=0.6.7)"]
example = ["cairocffi (>=1.7)", "contextily (>=1.6)", "igraph (>=0.11)", "momepy (>=0.7.2)", "osmnx (>=1.9)", "scikit-learn (>=1.5)", "seaborn (>=0.13)"]
extra = ["lxml (>=4.6)", "pydot (>=3.0.1)", "pygraphviz (>=1.14)", "sympy (>=1.10)"]
test = ["pytest (>=7.2)", "pytest-cov (>=4.0)"]

[[package]]
name = "parso"
version = "0.8.4"
description = "A Python Parser"
optional = false
python-versions = ">=3.6"
groups = ["main"]
files = [
    {file = "parso-0.8.4-py2.py3-none-any.whl", hash = "sha256:a418670a20291dacd2dddc80c377c5c3791378ee1e8d12bffc35420643d43f18"},
    {file = "parso-0.8.4.tar.gz", hash = "sha256:eb3a7b58240fb99099a345571deecc0f9540ea5f4dd2fe14c2a99d6b281ab92d"},
]

[package.extras]
qa = ["flake8 (==5.0.4)", "mypy (==0.971)", "types-setuptools (==67.2.0.1)"]
testing = ["docopt", "pytest"]

[[package]]
name = "pastel"
version = "0.2.1"
description = "Bring colors to your terminal."
optional = false
python-versions = ">=2.7, !=3.0.*, !=3.1.*, !=3.2.*, !=3.3.*"
groups = ["main"]
files = [
    {file = "pastel-0.2.1-py2.py3-none-any.whl", hash = "sha256:4349225fcdf6c2bb34d483e523475de5bb04a5c10ef711263452cb37d7dd4364"},
    {file = "pastel-0.2.1.tar.gz", hash = "sha256:e6581ac04e973cac858828c6202c1e1e81fee1dc7de7683f3e1ffe0bfd8a573d"},
]

[[package]]
name = "pendulum"
version = "3.0.0"
description = "Python datetimes made easy"
optional = false
python-versions = ">=3.8"
groups = ["main"]
files = [
    {file = "pendulum-3.0.0-cp310-cp310-macosx_10_12_x86_64.whl", hash = "sha256:2cf9e53ef11668e07f73190c805dbdf07a1939c3298b78d5a9203a86775d1bfd"},
    {file = "pendulum-3.0.0-cp310-cp310-macosx_11_0_arm64.whl", hash = "sha256:fb551b9b5e6059377889d2d878d940fd0bbb80ae4810543db18e6f77b02c5ef6"},
    {file = "pendulum-3.0.0-cp310-cp310-manylinux_2_17_aarch64.manylinux2014_aarch64.whl", hash = "sha256:6c58227ac260d5b01fc1025176d7b31858c9f62595737f350d22124a9a3ad82d"},
    {file = "pendulum-3.0.0-cp310-cp310-manylinux_2_17_ppc64le.manylinux2014_ppc64le.whl", hash = "sha256:60fb6f415fea93a11c52578eaa10594568a6716602be8430b167eb0d730f3332"},
    {file = "pendulum-3.0.0-cp310-cp310-manylinux_2_17_s390x.manylinux2014_s390x.whl", hash = "sha256:b69f6b4dbcb86f2c2fe696ba991e67347bcf87fe601362a1aba6431454b46bde"},
    {file = "pendulum-3.0.0-cp310-cp310-manylinux_2_17_x86_64.manylinux2014_x86_64.whl", hash = "sha256:138afa9c373ee450ede206db5a5e9004fd3011b3c6bbe1e57015395cd076a09f"},
    {file = "pendulum-3.0.0-cp310-cp310-musllinux_1_1_aarch64.whl", hash = "sha256:83d9031f39c6da9677164241fd0d37fbfc9dc8ade7043b5d6d62f56e81af8ad2"},
    {file = "pendulum-3.0.0-cp310-cp310-musllinux_1_1_x86_64.whl", hash = "sha256:0c2308af4033fa534f089595bcd40a95a39988ce4059ccd3dc6acb9ef14ca44a"},
    {file = "pendulum-3.0.0-cp310-none-win_amd64.whl", hash = "sha256:9a59637cdb8462bdf2dbcb9d389518c0263799189d773ad5c11db6b13064fa79"},
    {file = "pendulum-3.0.0-cp311-cp311-macosx_10_12_x86_64.whl", hash = "sha256:3725245c0352c95d6ca297193192020d1b0c0f83d5ee6bb09964edc2b5a2d508"},
    {file = "pendulum-3.0.0-cp311-cp311-macosx_11_0_arm64.whl", hash = "sha256:6c035f03a3e565ed132927e2c1b691de0dbf4eb53b02a5a3c5a97e1a64e17bec"},
    {file = "pendulum-3.0.0-cp311-cp311-manylinux_2_17_aarch64.manylinux2014_aarch64.whl", hash = "sha256:597e66e63cbd68dd6d58ac46cb7a92363d2088d37ccde2dae4332ef23e95cd00"},
    {file = "pendulum-3.0.0-cp311-cp311-manylinux_2_17_ppc64le.manylinux2014_ppc64le.whl", hash = "sha256:99a0f8172e19f3f0c0e4ace0ad1595134d5243cf75985dc2233e8f9e8de263ca"},
    {file = "pendulum-3.0.0-cp311-cp311-manylinux_2_17_s390x.manylinux2014_s390x.whl", hash = "sha256:77d8839e20f54706aed425bec82a83b4aec74db07f26acd039905d1237a5e1d4"},
    {file = "pendulum-3.0.0-cp311-cp311-manylinux_2_17_x86_64.manylinux2014_x86_64.whl", hash = "sha256:afde30e8146292b059020fbc8b6f8fd4a60ae7c5e6f0afef937bbb24880bdf01"},
    {file = "pendulum-3.0.0-cp311-cp311-musllinux_1_1_aarch64.whl", hash = "sha256:660434a6fcf6303c4efd36713ca9212c753140107ee169a3fc6c49c4711c2a05"},
    {file = "pendulum-3.0.0-cp311-cp311-musllinux_1_1_x86_64.whl", hash = "sha256:dee9e5a48c6999dc1106eb7eea3e3a50e98a50651b72c08a87ee2154e544b33e"},
    {file = "pendulum-3.0.0-cp311-none-win_amd64.whl", hash = "sha256:d4cdecde90aec2d67cebe4042fd2a87a4441cc02152ed7ed8fb3ebb110b94ec4"},
    {file = "pendulum-3.0.0-cp311-none-win_arm64.whl", hash = "sha256:773c3bc4ddda2dda9f1b9d51fe06762f9200f3293d75c4660c19b2614b991d83"},
    {file = "pendulum-3.0.0-cp312-cp312-macosx_10_12_x86_64.whl", hash = "sha256:409e64e41418c49f973d43a28afe5df1df4f1dd87c41c7c90f1a63f61ae0f1f7"},
    {file = "pendulum-3.0.0-cp312-cp312-macosx_11_0_arm64.whl", hash = "sha256:a38ad2121c5ec7c4c190c7334e789c3b4624798859156b138fcc4d92295835dc"},
    {file = "pendulum-3.0.0-cp312-cp312-manylinux_2_17_aarch64.manylinux2014_aarch64.whl", hash = "sha256:fde4d0b2024b9785f66b7f30ed59281bd60d63d9213cda0eb0910ead777f6d37"},
    {file = "pendulum-3.0.0-cp312-cp312-manylinux_2_17_ppc64le.manylinux2014_ppc64le.whl", hash = "sha256:4b2c5675769fb6d4c11238132962939b960fcb365436b6d623c5864287faa319"},
    {file = "pendulum-3.0.0-cp312-cp312-manylinux_2_17_s390x.manylinux2014_s390x.whl", hash = "sha256:8af95e03e066826f0f4c65811cbee1b3123d4a45a1c3a2b4fc23c4b0dff893b5"},
    {file = "pendulum-3.0.0-cp312-cp312-manylinux_2_17_x86_64.manylinux2014_x86_64.whl", hash = "sha256:2165a8f33cb15e06c67070b8afc87a62b85c5a273e3aaa6bc9d15c93a4920d6f"},
    {file = "pendulum-3.0.0-cp312-cp312-musllinux_1_1_aarch64.whl", hash = "sha256:ad5e65b874b5e56bd942546ea7ba9dd1d6a25121db1c517700f1c9de91b28518"},
    {file = "pendulum-3.0.0-cp312-cp312-musllinux_1_1_x86_64.whl", hash = "sha256:17fe4b2c844bbf5f0ece69cfd959fa02957c61317b2161763950d88fed8e13b9"},
    {file = "pendulum-3.0.0-cp312-none-win_amd64.whl", hash = "sha256:78f8f4e7efe5066aca24a7a57511b9c2119f5c2b5eb81c46ff9222ce11e0a7a5"},
    {file = "pendulum-3.0.0-cp312-none-win_arm64.whl", hash = "sha256:28f49d8d1e32aae9c284a90b6bb3873eee15ec6e1d9042edd611b22a94ac462f"},
    {file = "pendulum-3.0.0-cp37-cp37m-macosx_10_12_x86_64.whl", hash = "sha256:d4e2512f4e1a4670284a153b214db9719eb5d14ac55ada5b76cbdb8c5c00399d"},
    {file = "pendulum-3.0.0-cp37-cp37m-macosx_11_0_arm64.whl", hash = "sha256:3d897eb50883cc58d9b92f6405245f84b9286cd2de6e8694cb9ea5cb15195a32"},
    {file = "pendulum-3.0.0-cp37-cp37m-manylinux_2_17_aarch64.manylinux2014_aarch64.whl", hash = "sha256:2e169cc2ca419517f397811bbe4589cf3cd13fca6dc38bb352ba15ea90739ebb"},
    {file = "pendulum-3.0.0-cp37-cp37m-manylinux_2_17_ppc64le.manylinux2014_ppc64le.whl", hash = "sha256:f17c3084a4524ebefd9255513692f7e7360e23c8853dc6f10c64cc184e1217ab"},
    {file = "pendulum-3.0.0-cp37-cp37m-manylinux_2_17_s390x.manylinux2014_s390x.whl", hash = "sha256:826d6e258052715f64d05ae0fc9040c0151e6a87aae7c109ba9a0ed930ce4000"},
    {file = "pendulum-3.0.0-cp37-cp37m-manylinux_2_17_x86_64.manylinux2014_x86_64.whl", hash = "sha256:d2aae97087872ef152a0c40e06100b3665d8cb86b59bc8471ca7c26132fccd0f"},
    {file = "pendulum-3.0.0-cp37-cp37m-musllinux_1_1_aarch64.whl", hash = "sha256:ac65eeec2250d03106b5e81284ad47f0d417ca299a45e89ccc69e36130ca8bc7"},
    {file = "pendulum-3.0.0-cp37-cp37m-musllinux_1_1_x86_64.whl", hash = "sha256:a5346d08f3f4a6e9e672187faa179c7bf9227897081d7121866358af369f44f9"},
    {file = "pendulum-3.0.0-cp37-none-win_amd64.whl", hash = "sha256:235d64e87946d8f95c796af34818c76e0f88c94d624c268693c85b723b698aa9"},
    {file = "pendulum-3.0.0-cp38-cp38-macosx_10_12_x86_64.whl", hash = "sha256:6a881d9c2a7f85bc9adafcfe671df5207f51f5715ae61f5d838b77a1356e8b7b"},
    {file = "pendulum-3.0.0-cp38-cp38-macosx_11_0_arm64.whl", hash = "sha256:d7762d2076b9b1cb718a6631ad6c16c23fc3fac76cbb8c454e81e80be98daa34"},
    {file = "pendulum-3.0.0-cp38-cp38-manylinux_2_17_aarch64.manylinux2014_aarch64.whl", hash = "sha256:4e8e36a8130819d97a479a0e7bf379b66b3b1b520e5dc46bd7eb14634338df8c"},
    {file = "pendulum-3.0.0-cp38-cp38-manylinux_2_17_ppc64le.manylinux2014_ppc64le.whl", hash = "sha256:7dc843253ac373358ffc0711960e2dd5b94ab67530a3e204d85c6e8cb2c5fa10"},
    {file = "pendulum-3.0.0-cp38-cp38-manylinux_2_17_s390x.manylinux2014_s390x.whl", hash = "sha256:0a78ad3635d609ceb1e97d6aedef6a6a6f93433ddb2312888e668365908c7120"},
    {file = "pendulum-3.0.0-cp38-cp38-manylinux_2_17_x86_64.manylinux2014_x86_64.whl", hash = "sha256:b30a137e9e0d1f751e60e67d11fc67781a572db76b2296f7b4d44554761049d6"},
    {file = "pendulum-3.0.0-cp38-cp38-musllinux_1_1_aarch64.whl", hash = "sha256:c95984037987f4a457bb760455d9ca80467be792236b69d0084f228a8ada0162"},
    {file = "pendulum-3.0.0-cp38-cp38-musllinux_1_1_x86_64.whl", hash = "sha256:d29c6e578fe0f893766c0d286adbf0b3c726a4e2341eba0917ec79c50274ec16"},
    {file = "pendulum-3.0.0-cp38-none-win_amd64.whl", hash = "sha256:deaba8e16dbfcb3d7a6b5fabdd5a38b7c982809567479987b9c89572df62e027"},
    {file = "pendulum-3.0.0-cp39-cp39-macosx_10_12_x86_64.whl", hash = "sha256:b11aceea5b20b4b5382962b321dbc354af0defe35daa84e9ff3aae3c230df694"},
    {file = "pendulum-3.0.0-cp39-cp39-macosx_11_0_arm64.whl", hash = "sha256:a90d4d504e82ad236afac9adca4d6a19e4865f717034fc69bafb112c320dcc8f"},
    {file = "pendulum-3.0.0-cp39-cp39-manylinux_2_17_aarch64.manylinux2014_aarch64.whl", hash = "sha256:825799c6b66e3734227756fa746cc34b3549c48693325b8b9f823cb7d21b19ac"},
    {file = "pendulum-3.0.0-cp39-cp39-manylinux_2_17_ppc64le.manylinux2014_ppc64le.whl", hash = "sha256:ad769e98dc07972e24afe0cff8d365cb6f0ebc7e65620aa1976fcfbcadc4c6f3"},
    {file = "pendulum-3.0.0-cp39-cp39-manylinux_2_17_s390x.manylinux2014_s390x.whl", hash = "sha256:a6fc26907eb5fb8cc6188cc620bc2075a6c534d981a2f045daa5f79dfe50d512"},
    {file = "pendulum-3.0.0-cp39-cp39-manylinux_2_17_x86_64.manylinux2014_x86_64.whl", hash = "sha256:0c717eab1b6d898c00a3e0fa7781d615b5c5136bbd40abe82be100bb06df7a56"},
    {file = "pendulum-3.0.0-cp39-cp39-musllinux_1_1_aarch64.whl", hash = "sha256:3ddd1d66d1a714ce43acfe337190be055cdc221d911fc886d5a3aae28e14b76d"},
    {file = "pendulum-3.0.0-cp39-cp39-musllinux_1_1_x86_64.whl", hash = "sha256:822172853d7a9cf6da95d7b66a16c7160cb99ae6df55d44373888181d7a06edc"},
    {file = "pendulum-3.0.0-cp39-none-win_amd64.whl", hash = "sha256:840de1b49cf1ec54c225a2a6f4f0784d50bd47f68e41dc005b7f67c7d5b5f3ae"},
    {file = "pendulum-3.0.0-pp310-pypy310_pp73-macosx_10_12_x86_64.whl", hash = "sha256:3b1f74d1e6ffe5d01d6023870e2ce5c2191486928823196f8575dcc786e107b1"},
    {file = "pendulum-3.0.0-pp310-pypy310_pp73-macosx_11_0_arm64.whl", hash = "sha256:729e9f93756a2cdfa77d0fc82068346e9731c7e884097160603872686e570f07"},
    {file = "pendulum-3.0.0-pp310-pypy310_pp73-manylinux_2_17_aarch64.manylinux2014_aarch64.whl", hash = "sha256:e586acc0b450cd21cbf0db6bae386237011b75260a3adceddc4be15334689a9a"},
    {file = "pendulum-3.0.0-pp310-pypy310_pp73-manylinux_2_17_x86_64.manylinux2014_x86_64.whl", hash = "sha256:22e7944ffc1f0099a79ff468ee9630c73f8c7835cd76fdb57ef7320e6a409df4"},
    {file = "pendulum-3.0.0-pp310-pypy310_pp73-musllinux_1_1_aarch64.whl", hash = "sha256:fa30af36bd8e50686846bdace37cf6707bdd044e5cb6e1109acbad3277232e04"},
    {file = "pendulum-3.0.0-pp310-pypy310_pp73-musllinux_1_1_x86_64.whl", hash = "sha256:440215347b11914ae707981b9a57ab9c7b6983ab0babde07063c6ee75c0dc6e7"},
    {file = "pendulum-3.0.0-pp310-pypy310_pp73-win_amd64.whl", hash = "sha256:314c4038dc5e6a52991570f50edb2f08c339debdf8cea68ac355b32c4174e820"},
    {file = "pendulum-3.0.0-pp37-pypy37_pp73-macosx_10_12_x86_64.whl", hash = "sha256:5acb1d386337415f74f4d1955c4ce8d0201978c162927d07df8eb0692b2d8533"},
    {file = "pendulum-3.0.0-pp37-pypy37_pp73-manylinux_2_17_aarch64.manylinux2014_aarch64.whl", hash = "sha256:a789e12fbdefaffb7b8ac67f9d8f22ba17a3050ceaaa635cd1cc4645773a4b1e"},
    {file = "pendulum-3.0.0-pp37-pypy37_pp73-manylinux_2_17_x86_64.manylinux2014_x86_64.whl", hash = "sha256:860aa9b8a888e5913bd70d819306749e5eb488e6b99cd6c47beb701b22bdecf5"},
    {file = "pendulum-3.0.0-pp37-pypy37_pp73-musllinux_1_1_aarch64.whl", hash = "sha256:5ebc65ea033ef0281368217fbf59f5cb05b338ac4dd23d60959c7afcd79a60a0"},
    {file = "pendulum-3.0.0-pp37-pypy37_pp73-musllinux_1_1_x86_64.whl", hash = "sha256:d9fef18ab0386ef6a9ac7bad7e43ded42c83ff7ad412f950633854f90d59afa8"},
    {file = "pendulum-3.0.0-pp38-pypy38_pp73-macosx_10_12_x86_64.whl", hash = "sha256:1c134ba2f0571d0b68b83f6972e2307a55a5a849e7dac8505c715c531d2a8795"},
    {file = "pendulum-3.0.0-pp38-pypy38_pp73-macosx_11_0_arm64.whl", hash = "sha256:385680812e7e18af200bb9b4a49777418c32422d05ad5a8eb85144c4a285907b"},
    {file = "pendulum-3.0.0-pp38-pypy38_pp73-manylinux_2_17_aarch64.manylinux2014_aarch64.whl", hash = "sha256:9eec91cd87c59fb32ec49eb722f375bd58f4be790cae11c1b70fac3ee4f00da0"},
    {file = "pendulum-3.0.0-pp38-pypy38_pp73-manylinux_2_17_x86_64.manylinux2014_x86_64.whl", hash = "sha256:4386bffeca23c4b69ad50a36211f75b35a4deb6210bdca112ac3043deb7e494a"},
    {file = "pendulum-3.0.0-pp38-pypy38_pp73-musllinux_1_1_aarch64.whl", hash = "sha256:dfbcf1661d7146d7698da4b86e7f04814221081e9fe154183e34f4c5f5fa3bf8"},
    {file = "pendulum-3.0.0-pp38-pypy38_pp73-musllinux_1_1_x86_64.whl", hash = "sha256:04a1094a5aa1daa34a6b57c865b25f691848c61583fb22722a4df5699f6bf74c"},
    {file = "pendulum-3.0.0-pp38-pypy38_pp73-win_amd64.whl", hash = "sha256:5b0ec85b9045bd49dd3a3493a5e7ddfd31c36a2a60da387c419fa04abcaecb23"},
    {file = "pendulum-3.0.0-pp39-pypy39_pp73-macosx_10_12_x86_64.whl", hash = "sha256:0a15b90129765b705eb2039062a6daf4d22c4e28d1a54fa260892e8c3ae6e157"},
    {file = "pendulum-3.0.0-pp39-pypy39_pp73-macosx_11_0_arm64.whl", hash = "sha256:bb8f6d7acd67a67d6fedd361ad2958ff0539445ef51cbe8cd288db4306503cd0"},
    {file = "pendulum-3.0.0-pp39-pypy39_pp73-manylinux_2_17_aarch64.manylinux2014_aarch64.whl", hash = "sha256:fd69b15374bef7e4b4440612915315cc42e8575fcda2a3d7586a0d88192d0c88"},
    {file = "pendulum-3.0.0-pp39-pypy39_pp73-manylinux_2_17_x86_64.manylinux2014_x86_64.whl", hash = "sha256:dc00f8110db6898360c53c812872662e077eaf9c75515d53ecc65d886eec209a"},
    {file = "pendulum-3.0.0-pp39-pypy39_pp73-musllinux_1_1_aarch64.whl", hash = "sha256:83a44e8b40655d0ba565a5c3d1365d27e3e6778ae2a05b69124db9e471255c4a"},
    {file = "pendulum-3.0.0-pp39-pypy39_pp73-musllinux_1_1_x86_64.whl", hash = "sha256:1a3604e9fbc06b788041b2a8b78f75c243021e0f512447806a6d37ee5214905d"},
    {file = "pendulum-3.0.0-pp39-pypy39_pp73-win_amd64.whl", hash = "sha256:92c307ae7accebd06cbae4729f0ba9fa724df5f7d91a0964b1b972a22baa482b"},
    {file = "pendulum-3.0.0.tar.gz", hash = "sha256:5d034998dea404ec31fae27af6b22cff1708f830a1ed7353be4d1019bb9f584e"},
]

[package.dependencies]
python-dateutil = ">=2.6"
tzdata = ">=2020.1"

[package.extras]
test = ["time-machine (>=2.6.0)"]

[[package]]
name = "pexpect"
version = "4.9.0"
description = "Pexpect allows easy control of interactive console applications."
optional = false
python-versions = "*"
groups = ["main"]
markers = "sys_platform != \"win32\" and sys_platform != \"emscripten\""
files = [
    {file = "pexpect-4.9.0-py2.py3-none-any.whl", hash = "sha256:7236d1e080e4936be2dc3e326cec0af72acf9212a7e1d060210e70a47e253523"},
    {file = "pexpect-4.9.0.tar.gz", hash = "sha256:ee7d41123f3c9911050ea2c2dac107568dc43b2d3b0c7557a33212c398ead30f"},
]

[package.dependencies]
ptyprocess = ">=0.5"

[[package]]
name = "prompt-toolkit"
version = "3.0.50"
description = "Library for building powerful interactive command lines in Python"
optional = false
python-versions = ">=3.8.0"
groups = ["main"]
files = [
    {file = "prompt_toolkit-3.0.50-py3-none-any.whl", hash = "sha256:9b6427eb19e479d98acff65196a307c555eb567989e6d88ebbb1b509d9779198"},
    {file = "prompt_toolkit-3.0.50.tar.gz", hash = "sha256:544748f3860a2623ca5cd6d2795e7a14f3d0e1c3c9728359013f79877fc89bab"},
]

[package.dependencies]
wcwidth = "*"

[[package]]
name = "ptyprocess"
version = "0.7.0"
description = "Run a subprocess in a pseudo terminal"
optional = false
python-versions = "*"
groups = ["main"]
markers = "sys_platform != \"win32\" and sys_platform != \"emscripten\""
files = [
    {file = "ptyprocess-0.7.0-py2.py3-none-any.whl", hash = "sha256:4b41f3967fce3af57cc7e94b888626c18bf37a083e3651ca8feeb66d492fef35"},
    {file = "ptyprocess-0.7.0.tar.gz", hash = "sha256:5c5d0a3b48ceee0b48485e0c26037c0acd7d29765ca3fbb5cb3831d347423220"},
]

[[package]]
name = "pure-eval"
version = "0.2.3"
description = "Safely evaluate AST nodes without side effects"
optional = false
python-versions = "*"
groups = ["main"]
files = [
    {file = "pure_eval-0.2.3-py3-none-any.whl", hash = "sha256:1db8e35b67b3d218d818ae653e27f06c3aa420901fa7b081ca98cbedc874e0d0"},
    {file = "pure_eval-0.2.3.tar.gz", hash = "sha256:5f4e983f40564c576c7c8635ae88db5956bb2229d7e9237d03b3c0b0190eaf42"},
]

[package.extras]
tests = ["pytest"]

[[package]]
name = "pygments"
version = "2.19.1"
description = "Pygments is a syntax highlighting package written in Python."
optional = false
python-versions = ">=3.8"
groups = ["main"]
files = [
    {file = "pygments-2.19.1-py3-none-any.whl", hash = "sha256:9ea1544ad55cecf4b8242fab6dd35a93bbce657034b0611ee383099054ab6d8c"},
    {file = "pygments-2.19.1.tar.gz", hash = "sha256:61c16d2a8576dc0649d9f39e089b5f02bcd27fba10d8fb4dcc28173f7a45151f"},
]

[package.extras]
windows-terminal = ["colorama (>=0.4.6)"]

[[package]]
name = "pylev"
version = "1.4.0"
description = "A pure Python Levenshtein implementation that's not freaking GPL'd."
optional = false
python-versions = "*"
groups = ["main"]
files = [
    {file = "pylev-1.4.0-py2.py3-none-any.whl", hash = "sha256:7b2e2aa7b00e05bb3f7650eb506fc89f474f70493271a35c242d9a92188ad3dd"},
    {file = "pylev-1.4.0.tar.gz", hash = "sha256:9e77e941042ad3a4cc305dcdf2b2dec1aec2fbe3dd9015d2698ad02b173006d1"},
]

[[package]]
name = "python-dateutil"
version = "2.9.0.post0"
description = "Extensions to the standard Python datetime module"
optional = false
python-versions = "!=3.0.*,!=3.1.*,!=3.2.*,>=2.7"
groups = ["main"]
files = [
    {file = "python-dateutil-2.9.0.post0.tar.gz", hash = "sha256:37dd54208da7e1cd875388217d5e00ebd4179249f90fb72437e91a35459a0ad3"},
    {file = "python_dateutil-2.9.0.post0-py2.py3-none-any.whl", hash = "sha256:a8b2bc7bffae282281c8140a97d3aa9c14da0b136dfe83f850eea9a5f7470427"},
]

[package.dependencies]
six = ">=1.5"

[[package]]
name = "requests"
version = "2.32.3"
description = "Python HTTP for Humans."
optional = false
python-versions = ">=3.8"
groups = ["main"]
files = [
    {file = "requests-2.32.3-py3-none-any.whl", hash = "sha256:70761cfe03c773ceb22aa2f671b4757976145175cdfca038c02654d061d6dcc6"},
    {file = "requests-2.32.3.tar.gz", hash = "sha256:55365417734eb18255590a9ff9eb97e9e1da868d4ccd6402399eaf68af20a760"},
]

[package.dependencies]
certifi = ">=2017.4.17"
charset-normalizer = ">=2,<4"
idna = ">=2.5,<4"
urllib3 = ">=1.21.1,<3"

[package.extras]
socks = ["PySocks (>=1.5.6,!=1.5.7)"]
use-chardet-on-py3 = ["chardet (>=3.0.2,<6)"]

[[package]]
name = "six"
version = "1.17.0"
description = "Python 2 and 3 compatibility utilities"
optional = false
python-versions = "!=3.0.*,!=3.1.*,!=3.2.*,>=2.7"
groups = ["main"]
files = [
    {file = "six-1.17.0-py2.py3-none-any.whl", hash = "sha256:4721f391ed90541fddacab5acf947aa0d3dc7d27b2e1e8eda2be8970586c3274"},
    {file = "six-1.17.0.tar.gz", hash = "sha256:ff70335d468e7eb6ec65b95b99d3a2836546063f63acc5171de367e834932a81"},
]

[[package]]
name = "stack-data"
version = "0.6.3"
description = "Extract data from python stack frames and tracebacks for informative displays"
optional = false
python-versions = "*"
groups = ["main"]
files = [
    {file = "stack_data-0.6.3-py3-none-any.whl", hash = "sha256:d5558e0c25a4cb0853cddad3d77da9891a08cb85dd9f9f91b9f8cd66e511e695"},
    {file = "stack_data-0.6.3.tar.gz", hash = "sha256:836a778de4fec4dcd1dcd89ed8abff8a221f58308462e1c4aa2a3cf30148f0b9"},
]

[package.dependencies]
asttokens = ">=2.1.0"
executing = ">=1.2.0"
pure-eval = "*"

[package.extras]
tests = ["cython", "littleutils", "pygments", "pytest", "typeguard"]

[[package]]
name = "traitlets"
version = "5.14.3"
description = "Traitlets Python configuration system"
optional = false
python-versions = ">=3.8"
groups = ["main"]
files = [
    {file = "traitlets-5.14.3-py3-none-any.whl", hash = "sha256:b74e89e397b1ed28cc831db7aea759ba6640cb3de13090ca145426688ff1ac4f"},
    {file = "traitlets-5.14.3.tar.gz", hash = "sha256:9ed0579d3502c94b4b3732ac120375cda96f923114522847de4b3bb98b96b6b7"},
]

[package.extras]
docs = ["myst-parser", "pydata-sphinx-theme", "sphinx"]
test = ["argcomplete (>=3.0.3)", "mypy (>=1.7.0)", "pre-commit", "pytest (>=7.0,<8.2)", "pytest-mock", "pytest-mypy-testing"]

[[package]]
name = "typing-extensions"
version = "4.12.2"
description = "Backported and Experimental Type Hints for Python 3.8+"
optional = false
python-versions = ">=3.8"
groups = ["main"]
markers = "python_version < \"3.12\""
files = [
    {file = "typing_extensions-4.12.2-py3-none-any.whl", hash = "sha256:04e5ca0351e0f3f85c6853954072df659d0d13fac324d0072316b67d7794700d"},
    {file = "typing_extensions-4.12.2.tar.gz", hash = "sha256:1a7ead55c7e559dd4dee8856e3a88b41225abfe1ce8df57b7c13915fe121ffb8"},
]

[[package]]
name = "tzdata"
version = "2025.1"
description = "Provider of IANA time zone data"
optional = false
python-versions = ">=2"
groups = ["main"]
files = [
    {file = "tzdata-2025.1-py2.py3-none-any.whl", hash = "sha256:7e127113816800496f027041c570f50bcd464a020098a3b6b199517772303639"},
    {file = "tzdata-2025.1.tar.gz", hash = "sha256:24894909e88cdb28bd1636c6887801df64cb485bd593f2fd83ef29075a81d694"},
]

[[package]]
name = "urllib3"
version = "2.3.0"
description = "HTTP library with thread-safe connection pooling, file post, and more."
optional = false
python-versions = ">=3.9"
groups = ["main"]
files = [
    {file = "urllib3-2.3.0-py3-none-any.whl", hash = "sha256:1cee9ad369867bfdbbb48b7dd50374c0967a0bb7710050facf0dd6911440e3df"},
    {file = "urllib3-2.3.0.tar.gz", hash = "sha256:f8c5449b3cf0861679ce7e0503c7b44b5ec981bec0d1d3795a07f1ba96f0204d"},
]

[package.extras]
brotli = ["brotli (>=1.0.9)", "brotlicffi (>=0.8.0)"]
h2 = ["h2 (>=4,<5)"]
socks = ["pysocks (>=1.5.6,!=1.5.7,<2.0)"]
zstd = ["zstandard (>=0.18.0)"]

[[package]]
name = "wcwidth"
version = "0.2.13"
description = "Measures the displayed width of unicode strings in a terminal"
optional = false
python-versions = "*"
groups = ["main"]
files = [
    {file = "wcwidth-0.2.13-py2.py3-none-any.whl", hash = "sha256:3da69048e4540d84af32131829ff948f1e022c1c6bdb8d6102117aac784f6859"},
    {file = "wcwidth-0.2.13.tar.gz", hash = "sha256:72ea0c06399eb286d978fdedb6923a9eb47e1c486ce63e9b4e64fc18303972b5"},
]

[metadata]
lock-version = "2.1"
python-versions = "^3.11.5"
content-hash = "a95f84d04c35bf6bc6ec86806d30ae9ee048eb5d8bd782a28a9f3173df365fef"
